// !$*UTF8*$!
{
	archiveVersion = 1;
	classes = {
	};
	objectVersion = 56;
	objects = {

/* Begin PBXBuildFile section */
		24620B072D66A9D100ED9B64 /* AppDelegate.swift in Sources */ = {isa = PBXBuildFile; fileRef = 24620B062D66A9D100ED9B64 /* AppDelegate.swift */; };
		24620B092D66A9D100ED9B64 /* SceneDelegate.swift in Sources */ = {isa = PBXBuildFile; fileRef = 24620B082D66A9D100ED9B64 /* SceneDelegate.swift */; };
		24620B102D66A9D300ED9B64 /* Assets.xcassets in Resources */ = {isa = PBXBuildFile; fileRef = 24620B0F2D66A9D300ED9B64 /* Assets.xcassets */; };
		24620B132D66A9D300ED9B64 /* LaunchScreen.storyboard in Resources */ = {isa = PBXBuildFile; fileRef = 24620B112D66A9D300ED9B64 /* LaunchScreen.storyboard */; };
		24620B1E2D66A9D400ED9B64 /* GHAppTests.swift in Sources */ = {isa = PBXBuildFile; fileRef = 24620B1D2D66A9D400ED9B64 /* GHAppTests.swift */; };
		24620B282D66A9D400ED9B64 /* GHAppUITests.swift in Sources */ = {isa = PBXBuildFile; fileRef = 24620B272D66A9D400ED9B64 /* GHAppUITests.swift */; };
		24620B2A2D66A9D400ED9B64 /* GHAppUITestsLaunchTests.swift in Sources */ = {isa = PBXBuildFile; fileRef = 24620B292D66A9D400ED9B64 /* GHAppUITestsLaunchTests.swift */; };
		24620B6A2D66B48E00ED9B64 /* Commons in Frameworks */ = {isa = PBXBuildFile; productRef = 24620B692D66B48E00ED9B64 /* Commons */; };
		24620B6C2D66B48E00ED9B64 /* Domain in Frameworks */ = {isa = PBXBuildFile; productRef = 24620B6B2D66B48E00ED9B64 /* Domain */; };
		24620B702D66B48E00ED9B64 /* Networking in Frameworks */ = {isa = PBXBuildFile; productRef = 24620B6F2D66B48E00ED9B64 /* Networking */; };
		24620B732D66B78500ED9B64 /* HomeView.swift in Sources */ = {isa = PBXBuildFile; fileRef = 24620B722D66B78500ED9B64 /* HomeView.swift */; };
		24620B782D66B7A800ED9B64 /* HomeViewEntity.swift in Sources */ = {isa = PBXBuildFile; fileRef = 24620B772D66B7A800ED9B64 /* HomeViewEntity.swift */; };
		24620B7A2D66B7B200ED9B64 /* HomeViewFactory.swift in Sources */ = {isa = PBXBuildFile; fileRef = 24620B792D66B7B200ED9B64 /* HomeViewFactory.swift */; };
		24620B7C2D66B7BB00ED9B64 /* HomeViewState.swift in Sources */ = {isa = PBXBuildFile; fileRef = 24620B7B2D66B7BB00ED9B64 /* HomeViewState.swift */; };
		24620B7E2D66B7C800ED9B64 /* HomeViewController.swift in Sources */ = {isa = PBXBuildFile; fileRef = 24620B7D2D66B7C800ED9B64 /* HomeViewController.swift */; };
		24620B802D66B7CF00ED9B64 /* HomeViewModel.swift in Sources */ = {isa = PBXBuildFile; fileRef = 24620B7F2D66B7CF00ED9B64 /* HomeViewModel.swift */; };
		24AFA65F2D68006800982AB6 /* RepositoryCellView.swift in Sources */ = {isa = PBXBuildFile; fileRef = 24AFA65E2D68006800982AB6 /* RepositoryCellView.swift */; };
		24AFA6612D6807E500982AB6 /* RepositoryCellViewEntity.swift in Sources */ = {isa = PBXBuildFile; fileRef = 24AFA6602D6807E500982AB6 /* RepositoryCellViewEntity.swift */; };
		24AFA6632D68AF6D00982AB6 /* HomeProtocols.swift in Sources */ = {isa = PBXBuildFile; fileRef = 24AFA6622D68AF6D00982AB6 /* HomeProtocols.swift */; };
		24AFA6662D6962AB00982AB6 /* HomeCoordinator.swift in Sources */ = {isa = PBXBuildFile; fileRef = 24AFA6652D6962AB00982AB6 /* HomeCoordinator.swift */; };
		24AFA66B2D69649100982AB6 /* AppCoordinatorFactory.swift in Sources */ = {isa = PBXBuildFile; fileRef = 24AFA6682D69649000982AB6 /* AppCoordinatorFactory.swift */; };
		24AFA66C2D69649100982AB6 /* Coordinator.swift in Sources */ = {isa = PBXBuildFile; fileRef = 24AFA6692D69649100982AB6 /* Coordinator.swift */; };
		24AFA66D2D69649100982AB6 /* AppCoordinator.swift in Sources */ = {isa = PBXBuildFile; fileRef = 24AFA66A2D69649100982AB6 /* AppCoordinator.swift */; };
		24AFA6702D6BBCEF00982AB6 /* LoadingView.swift in Sources */ = {isa = PBXBuildFile; fileRef = 24AFA66F2D6BBCEF00982AB6 /* LoadingView.swift */; };
		24AFA6722D6BBE1F00982AB6 /* ErrorView.swift in Sources */ = {isa = PBXBuildFile; fileRef = 24AFA6712D6BBE1F00982AB6 /* ErrorView.swift */; };
		24AFA6762D6BCB5C00982AB6 /* HomeCoordinatorSpy.swift in Sources */ = {isa = PBXBuildFile; fileRef = 24AFA6752D6BCB5C00982AB6 /* HomeCoordinatorSpy.swift */; };
		24AFA6782D6BCB8A00982AB6 /* HomeViewFactorySpy.swift in Sources */ = {isa = PBXBuildFile; fileRef = 24AFA6772D6BCB8A00982AB6 /* HomeViewFactorySpy.swift */; };
		24AFA67C2D6BCBD500982AB6 /* HomeViewEntityStub.swift in Sources */ = {isa = PBXBuildFile; fileRef = 24AFA67B2D6BCBD500982AB6 /* HomeViewEntityStub.swift */; };
		24AFA67E2D6BCC1100982AB6 /* RepositoryCellViewEntityStub.swift in Sources */ = {isa = PBXBuildFile; fileRef = 24AFA67D2D6BCC1100982AB6 /* RepositoryCellViewEntityStub.swift */; };
		24AFA6812D6BCD0B00982AB6 /* GetRepositoriesUseCaseResponseStub.swift in Sources */ = {isa = PBXBuildFile; fileRef = 24AFA6802D6BCD0B00982AB6 /* GetRepositoriesUseCaseResponseStub.swift */; };
		24AFA6832D6BCDDB00982AB6 /* HomeViewModelTests.swift in Sources */ = {isa = PBXBuildFile; fileRef = 24AFA6822D6BCDDB00982AB6 /* HomeViewModelTests.swift */; };
		24AFA6882D6BCF6700982AB6 /* HomeViewControllerSpy.swift in Sources */ = {isa = PBXBuildFile; fileRef = 24AFA6872D6BCF6700982AB6 /* HomeViewControllerSpy.swift */; };
		24AFA68A2D6BD0BE00982AB6 /* RepositoriesRequestStub.swift in Sources */ = {isa = PBXBuildFile; fileRef = 24AFA6892D6BD0BE00982AB6 /* RepositoriesRequestStub.swift */; };
		24AFA68D2D6BD81F00982AB6 /* HomeViewControllerFactory.swift in Sources */ = {isa = PBXBuildFile; fileRef = 24AFA68C2D6BD81F00982AB6 /* HomeViewControllerFactory.swift */; };
		24AFA68F2D6BD83F00982AB6 /* HomeViewControllerFactoryProtocol.swift in Sources */ = {isa = PBXBuildFile; fileRef = 24AFA68E2D6BD83F00982AB6 /* HomeViewControllerFactoryProtocol.swift */; };
		24AFA6972D6BDCD300982AB6 /* DetailRepositoryViewController.swift in Sources */ = {isa = PBXBuildFile; fileRef = 24AFA6962D6BDCD300982AB6 /* DetailRepositoryViewController.swift */; };
		24AFA6992D6BDCDA00982AB6 /* DetailRepositoryViewModel.swift in Sources */ = {isa = PBXBuildFile; fileRef = 24AFA6982D6BDCDA00982AB6 /* DetailRepositoryViewModel.swift */; };
		24AFA69B2D6BDCE100982AB6 /* DetailRepositoryProtocols.swift in Sources */ = {isa = PBXBuildFile; fileRef = 24AFA69A2D6BDCE100982AB6 /* DetailRepositoryProtocols.swift */; };
		24AFA69D2D6BDCE800982AB6 /* DetailRepositoryCoordinator.swift in Sources */ = {isa = PBXBuildFile; fileRef = 24AFA69C2D6BDCE800982AB6 /* DetailRepositoryCoordinator.swift */; };
		24AFA69F2D6BDCF200982AB6 /* DetailRepositoryEntity.swift in Sources */ = {isa = PBXBuildFile; fileRef = 24AFA69E2D6BDCF200982AB6 /* DetailRepositoryEntity.swift */; };
		24AFA6A12D6BDCFA00982AB6 /* DetailRepositoryViewFactory.swift in Sources */ = {isa = PBXBuildFile; fileRef = 24AFA6A02D6BDCFA00982AB6 /* DetailRepositoryViewFactory.swift */; };
		24AFA6A42D6BDD1800982AB6 /* DetailRepositoryView.swift in Sources */ = {isa = PBXBuildFile; fileRef = 24AFA6A32D6BDD1800982AB6 /* DetailRepositoryView.swift */; };
		24AFA6A62D6BDD1F00982AB6 /* DetailRepositoryViewState.swift in Sources */ = {isa = PBXBuildFile; fileRef = 24AFA6A52D6BDD1F00982AB6 /* DetailRepositoryViewState.swift */; };
		24AFA6A82D6BDE5E00982AB6 /* GetRepositoriesUseCaseSpy.swift in Sources */ = {isa = PBXBuildFile; fileRef = 24AFA6A72D6BDE5E00982AB6 /* GetRepositoriesUseCaseSpy.swift */; };
		24AFA6AA2D6BE3D200982AB6 /* PullRequestCellView.swift in Sources */ = {isa = PBXBuildFile; fileRef = 24AFA6A92D6BE3D200982AB6 /* PullRequestCellView.swift */; };
		24AFA6AD2D6BE6EC00982AB6 /* RepositoryDetailEntity.swift in Sources */ = {isa = PBXBuildFile; fileRef = 24AFA6AC2D6BE6EC00982AB6 /* RepositoryDetailEntity.swift */; };
		24AFA6AF2D6BE7C400982AB6 /* DetailRepositoryViewControllerFactory.swift in Sources */ = {isa = PBXBuildFile; fileRef = 24AFA6AE2D6BE7C400982AB6 /* DetailRepositoryViewControllerFactory.swift */; };
		24AFA6B12D6BE7CA00982AB6 /* DetailRepositoryViewControllerFactoryProtocol.swift in Sources */ = {isa = PBXBuildFile; fileRef = 24AFA6B02D6BE7CA00982AB6 /* DetailRepositoryViewControllerFactoryProtocol.swift */; };
		24AFA6B62D6D450200982AB6 /* WebViewCoordinator.swift in Sources */ = {isa = PBXBuildFile; fileRef = 24AFA6B52D6D450200982AB6 /* WebViewCoordinator.swift */; };
		24AFA6B82D6D456F00982AB6 /* WebViewControllerFactory.swift in Sources */ = {isa = PBXBuildFile; fileRef = 24AFA6B72D6D456F00982AB6 /* WebViewControllerFactory.swift */; };
		24AFA6BA2D6D457600982AB6 /* WebViewControllerFactoryProtocol.swift in Sources */ = {isa = PBXBuildFile; fileRef = 24AFA6B92D6D457600982AB6 /* WebViewControllerFactoryProtocol.swift */; };
		24AFA6BC2D6D45BB00982AB6 /* WebViewController.swift in Sources */ = {isa = PBXBuildFile; fileRef = 24AFA6BB2D6D45BB00982AB6 /* WebViewController.swift */; };
		24AFA6BF2D6D490300982AB6 /* RepositoryDetailEntityStub.swift in Sources */ = {isa = PBXBuildFile; fileRef = 24AFA6BE2D6D490300982AB6 /* RepositoryDetailEntityStub.swift */; };
		24AFA6C12D6D4AA600982AB6 /* HomeViewControllerTests.swift in Sources */ = {isa = PBXBuildFile; fileRef = 24AFA6C02D6D4AA600982AB6 /* HomeViewControllerTests.swift */; };
		24AFA6C32D6D4B2700982AB6 /* HomeViewModelSpy.swift in Sources */ = {isa = PBXBuildFile; fileRef = 24AFA6C22D6D4B2700982AB6 /* HomeViewModelSpy.swift */; };
		24AFA6C52D6D4B6F00982AB6 /* HomeViewSpy.swift in Sources */ = {isa = PBXBuildFile; fileRef = 24AFA6C42D6D4B6F00982AB6 /* HomeViewSpy.swift */; };
		24AFA6C92D6D4C6200982AB6 /* DetailRepositoryViewEntityStub.swift in Sources */ = {isa = PBXBuildFile; fileRef = 24AFA6C82D6D4C6200982AB6 /* DetailRepositoryViewEntityStub.swift */; };
		24AFA6CB2D6D4CD900982AB6 /* PullRequestEntityStub.swift in Sources */ = {isa = PBXBuildFile; fileRef = 24AFA6CA2D6D4CD900982AB6 /* PullRequestEntityStub.swift */; };
		24AFA6CD2D6D4D2400982AB6 /* GetRepositoryPullsUseCaseResponseStub.swift in Sources */ = {isa = PBXBuildFile; fileRef = 24AFA6CC2D6D4D2400982AB6 /* GetRepositoryPullsUseCaseResponseStub.swift */; };
		24AFA6CF2D6D4DAA00982AB6 /* RepositoryDetailCoordinatorSpy.swift in Sources */ = {isa = PBXBuildFile; fileRef = 24AFA6CE2D6D4DAA00982AB6 /* RepositoryDetailCoordinatorSpy.swift */; };
		24AFA6D12D6D4DE000982AB6 /* DetailRepositoryViewFactorySpy.swift in Sources */ = {isa = PBXBuildFile; fileRef = 24AFA6D02D6D4DE000982AB6 /* DetailRepositoryViewFactorySpy.swift */; };
		24AFA6D32D6D4E1F00982AB6 /* GetPullsUseCaseSpy.swift in Sources */ = {isa = PBXBuildFile; fileRef = 24AFA6D22D6D4E1F00982AB6 /* GetPullsUseCaseSpy.swift */; };
		24AFA6D52D6D4E6200982AB6 /* DetailRepositoryViewControllerSpy.swift in Sources */ = {isa = PBXBuildFile; fileRef = 24AFA6D42D6D4E6200982AB6 /* DetailRepositoryViewControllerSpy.swift */; };
		24AFA6D72D6D4EE900982AB6 /* DetailRepositoryViewModelSpy.swift in Sources */ = {isa = PBXBuildFile; fileRef = 24AFA6D62D6D4EE900982AB6 /* DetailRepositoryViewModelSpy.swift */; };
		24AFA6D92D6D4F1600982AB6 /* DetailRepositoryViewSpy.swift in Sources */ = {isa = PBXBuildFile; fileRef = 24AFA6D82D6D4F1600982AB6 /* DetailRepositoryViewSpy.swift */; };
		24AFA6DB2D6D4FE900982AB6 /* DetailRepositoryViewControllerTests.swift in Sources */ = {isa = PBXBuildFile; fileRef = 24AFA6DA2D6D4FE900982AB6 /* DetailRepositoryViewControllerTests.swift */; };
		24AFA6DD2D6D502400982AB6 /* DetailRepositoryViewModelTests.swift in Sources */ = {isa = PBXBuildFile; fileRef = 24AFA6DC2D6D502400982AB6 /* DetailRepositoryViewModelTests.swift */; };
		24AFA6E12D6D626600982AB6 /* AlertEntity.swift in Sources */ = {isa = PBXBuildFile; fileRef = 24AFA6E02D6D626600982AB6 /* AlertEntity.swift */; };
/* End PBXBuildFile section */

/* Begin PBXContainerItemProxy section */
		24620B1A2D66A9D400ED9B64 /* PBXContainerItemProxy */ = {
			isa = PBXContainerItemProxy;
			containerPortal = 24620AFB2D66A9D100ED9B64 /* Project object */;
			proxyType = 1;
			remoteGlobalIDString = 24620B022D66A9D100ED9B64;
			remoteInfo = GHApp;
		};
		24620B242D66A9D400ED9B64 /* PBXContainerItemProxy */ = {
			isa = PBXContainerItemProxy;
			containerPortal = 24620AFB2D66A9D100ED9B64 /* Project object */;
			proxyType = 1;
			remoteGlobalIDString = 24620B022D66A9D100ED9B64;
			remoteInfo = GHApp;
		};
/* End PBXContainerItemProxy section */

/* Begin PBXFileReference section */
		24620B032D66A9D100ED9B64 /* GHApp.app */ = {isa = PBXFileReference; explicitFileType = wrapper.application; includeInIndex = 0; path = GHApp.app; sourceTree = BUILT_PRODUCTS_DIR; };
		24620B062D66A9D100ED9B64 /* AppDelegate.swift */ = {isa = PBXFileReference; lastKnownFileType = sourcecode.swift; path = AppDelegate.swift; sourceTree = "<group>"; };
		24620B082D66A9D100ED9B64 /* SceneDelegate.swift */ = {isa = PBXFileReference; lastKnownFileType = sourcecode.swift; path = SceneDelegate.swift; sourceTree = "<group>"; };
		24620B0F2D66A9D300ED9B64 /* Assets.xcassets */ = {isa = PBXFileReference; lastKnownFileType = folder.assetcatalog; path = Assets.xcassets; sourceTree = "<group>"; };
		24620B122D66A9D300ED9B64 /* Base */ = {isa = PBXFileReference; lastKnownFileType = file.storyboard; name = Base; path = Base.lproj/LaunchScreen.storyboard; sourceTree = "<group>"; };
		24620B142D66A9D300ED9B64 /* Info.plist */ = {isa = PBXFileReference; lastKnownFileType = text.plist.xml; path = Info.plist; sourceTree = "<group>"; };
		24620B192D66A9D400ED9B64 /* GHAppTests.xctest */ = {isa = PBXFileReference; explicitFileType = wrapper.cfbundle; includeInIndex = 0; path = GHAppTests.xctest; sourceTree = BUILT_PRODUCTS_DIR; };
		24620B1D2D66A9D400ED9B64 /* GHAppTests.swift */ = {isa = PBXFileReference; lastKnownFileType = sourcecode.swift; path = GHAppTests.swift; sourceTree = "<group>"; };
		24620B232D66A9D400ED9B64 /* GHAppUITests.xctest */ = {isa = PBXFileReference; explicitFileType = wrapper.cfbundle; includeInIndex = 0; path = GHAppUITests.xctest; sourceTree = BUILT_PRODUCTS_DIR; };
		24620B272D66A9D400ED9B64 /* GHAppUITests.swift */ = {isa = PBXFileReference; lastKnownFileType = sourcecode.swift; path = GHAppUITests.swift; sourceTree = "<group>"; };
		24620B292D66A9D400ED9B64 /* GHAppUITestsLaunchTests.swift */ = {isa = PBXFileReference; lastKnownFileType = sourcecode.swift; path = GHAppUITestsLaunchTests.swift; sourceTree = "<group>"; };
		24620B642D66B25000ED9B64 /* Domain */ = {isa = PBXFileReference; lastKnownFileType = wrapper; name = Domain; path = ../../Domain; sourceTree = "<group>"; };
		24620B652D66B25E00ED9B64 /* Networking */ = {isa = PBXFileReference; lastKnownFileType = wrapper; name = Networking; path = ../../Networking; sourceTree = "<group>"; };
		24620B672D66B34400ED9B64 /* Commons */ = {isa = PBXFileReference; lastKnownFileType = wrapper; name = Commons; path = ../../Commons; sourceTree = "<group>"; };
		24620B722D66B78500ED9B64 /* HomeView.swift */ = {isa = PBXFileReference; lastKnownFileType = sourcecode.swift; path = HomeView.swift; sourceTree = "<group>"; };
		24620B772D66B7A800ED9B64 /* HomeViewEntity.swift */ = {isa = PBXFileReference; lastKnownFileType = sourcecode.swift; path = HomeViewEntity.swift; sourceTree = "<group>"; };
		24620B792D66B7B200ED9B64 /* HomeViewFactory.swift */ = {isa = PBXFileReference; lastKnownFileType = sourcecode.swift; path = HomeViewFactory.swift; sourceTree = "<group>"; };
		24620B7B2D66B7BB00ED9B64 /* HomeViewState.swift */ = {isa = PBXFileReference; lastKnownFileType = sourcecode.swift; path = HomeViewState.swift; sourceTree = "<group>"; };
		24620B7D2D66B7C800ED9B64 /* HomeViewController.swift */ = {isa = PBXFileReference; lastKnownFileType = sourcecode.swift; path = HomeViewController.swift; sourceTree = "<group>"; };
		24620B7F2D66B7CF00ED9B64 /* HomeViewModel.swift */ = {isa = PBXFileReference; lastKnownFileType = sourcecode.swift; path = HomeViewModel.swift; sourceTree = "<group>"; };
		24AFA65E2D68006800982AB6 /* RepositoryCellView.swift */ = {isa = PBXFileReference; lastKnownFileType = sourcecode.swift; path = RepositoryCellView.swift; sourceTree = "<group>"; };
		24AFA6602D6807E500982AB6 /* RepositoryCellViewEntity.swift */ = {isa = PBXFileReference; lastKnownFileType = sourcecode.swift; path = RepositoryCellViewEntity.swift; sourceTree = "<group>"; };
		24AFA6622D68AF6D00982AB6 /* HomeProtocols.swift */ = {isa = PBXFileReference; lastKnownFileType = sourcecode.swift; path = HomeProtocols.swift; sourceTree = "<group>"; };
		24AFA6652D6962AB00982AB6 /* HomeCoordinator.swift */ = {isa = PBXFileReference; lastKnownFileType = sourcecode.swift; path = HomeCoordinator.swift; sourceTree = "<group>"; };
		24AFA6682D69649000982AB6 /* AppCoordinatorFactory.swift */ = {isa = PBXFileReference; fileEncoding = 4; lastKnownFileType = sourcecode.swift; path = AppCoordinatorFactory.swift; sourceTree = "<group>"; };
		24AFA6692D69649100982AB6 /* Coordinator.swift */ = {isa = PBXFileReference; fileEncoding = 4; lastKnownFileType = sourcecode.swift; path = Coordinator.swift; sourceTree = "<group>"; };
		24AFA66A2D69649100982AB6 /* AppCoordinator.swift */ = {isa = PBXFileReference; fileEncoding = 4; lastKnownFileType = sourcecode.swift; path = AppCoordinator.swift; sourceTree = "<group>"; };
		24AFA66F2D6BBCEF00982AB6 /* LoadingView.swift */ = {isa = PBXFileReference; lastKnownFileType = sourcecode.swift; path = LoadingView.swift; sourceTree = "<group>"; };
		24AFA6712D6BBE1F00982AB6 /* ErrorView.swift */ = {isa = PBXFileReference; lastKnownFileType = sourcecode.swift; path = ErrorView.swift; sourceTree = "<group>"; };
		24AFA6752D6BCB5C00982AB6 /* HomeCoordinatorSpy.swift */ = {isa = PBXFileReference; lastKnownFileType = sourcecode.swift; path = HomeCoordinatorSpy.swift; sourceTree = "<group>"; };
		24AFA6772D6BCB8A00982AB6 /* HomeViewFactorySpy.swift */ = {isa = PBXFileReference; lastKnownFileType = sourcecode.swift; path = HomeViewFactorySpy.swift; sourceTree = "<group>"; };
		24AFA67B2D6BCBD500982AB6 /* HomeViewEntityStub.swift */ = {isa = PBXFileReference; lastKnownFileType = sourcecode.swift; path = HomeViewEntityStub.swift; sourceTree = "<group>"; };
		24AFA67D2D6BCC1100982AB6 /* RepositoryCellViewEntityStub.swift */ = {isa = PBXFileReference; lastKnownFileType = sourcecode.swift; path = RepositoryCellViewEntityStub.swift; sourceTree = "<group>"; };
		24AFA6802D6BCD0B00982AB6 /* GetRepositoriesUseCaseResponseStub.swift */ = {isa = PBXFileReference; lastKnownFileType = sourcecode.swift; path = GetRepositoriesUseCaseResponseStub.swift; sourceTree = "<group>"; };
		24AFA6822D6BCDDB00982AB6 /* HomeViewModelTests.swift */ = {isa = PBXFileReference; lastKnownFileType = sourcecode.swift; path = HomeViewModelTests.swift; sourceTree = "<group>"; };
		24AFA6872D6BCF6700982AB6 /* HomeViewControllerSpy.swift */ = {isa = PBXFileReference; lastKnownFileType = sourcecode.swift; path = HomeViewControllerSpy.swift; sourceTree = "<group>"; };
		24AFA6892D6BD0BE00982AB6 /* RepositoriesRequestStub.swift */ = {isa = PBXFileReference; lastKnownFileType = sourcecode.swift; path = RepositoriesRequestStub.swift; sourceTree = "<group>"; };
		24AFA68C2D6BD81F00982AB6 /* HomeViewControllerFactory.swift */ = {isa = PBXFileReference; lastKnownFileType = sourcecode.swift; path = HomeViewControllerFactory.swift; sourceTree = "<group>"; };
		24AFA68E2D6BD83F00982AB6 /* HomeViewControllerFactoryProtocol.swift */ = {isa = PBXFileReference; lastKnownFileType = sourcecode.swift; path = HomeViewControllerFactoryProtocol.swift; sourceTree = "<group>"; };
		24AFA6962D6BDCD300982AB6 /* DetailRepositoryViewController.swift */ = {isa = PBXFileReference; lastKnownFileType = sourcecode.swift; path = DetailRepositoryViewController.swift; sourceTree = "<group>"; };
		24AFA6982D6BDCDA00982AB6 /* DetailRepositoryViewModel.swift */ = {isa = PBXFileReference; lastKnownFileType = sourcecode.swift; path = DetailRepositoryViewModel.swift; sourceTree = "<group>"; };
		24AFA69A2D6BDCE100982AB6 /* DetailRepositoryProtocols.swift */ = {isa = PBXFileReference; lastKnownFileType = sourcecode.swift; path = DetailRepositoryProtocols.swift; sourceTree = "<group>"; };
		24AFA69C2D6BDCE800982AB6 /* DetailRepositoryCoordinator.swift */ = {isa = PBXFileReference; lastKnownFileType = sourcecode.swift; path = DetailRepositoryCoordinator.swift; sourceTree = "<group>"; };
		24AFA69E2D6BDCF200982AB6 /* DetailRepositoryEntity.swift */ = {isa = PBXFileReference; lastKnownFileType = sourcecode.swift; path = DetailRepositoryEntity.swift; sourceTree = "<group>"; };
		24AFA6A02D6BDCFA00982AB6 /* DetailRepositoryViewFactory.swift */ = {isa = PBXFileReference; lastKnownFileType = sourcecode.swift; path = DetailRepositoryViewFactory.swift; sourceTree = "<group>"; };
		24AFA6A32D6BDD1800982AB6 /* DetailRepositoryView.swift */ = {isa = PBXFileReference; lastKnownFileType = sourcecode.swift; path = DetailRepositoryView.swift; sourceTree = "<group>"; };
		24AFA6A52D6BDD1F00982AB6 /* DetailRepositoryViewState.swift */ = {isa = PBXFileReference; lastKnownFileType = sourcecode.swift; path = DetailRepositoryViewState.swift; sourceTree = "<group>"; };
		24AFA6A72D6BDE5E00982AB6 /* GetRepositoriesUseCaseSpy.swift */ = {isa = PBXFileReference; lastKnownFileType = sourcecode.swift; path = GetRepositoriesUseCaseSpy.swift; sourceTree = "<group>"; };
		24AFA6A92D6BE3D200982AB6 /* PullRequestCellView.swift */ = {isa = PBXFileReference; lastKnownFileType = sourcecode.swift; path = PullRequestCellView.swift; sourceTree = "<group>"; };
		24AFA6AC2D6BE6EC00982AB6 /* RepositoryDetailEntity.swift */ = {isa = PBXFileReference; lastKnownFileType = sourcecode.swift; path = RepositoryDetailEntity.swift; sourceTree = "<group>"; };
		24AFA6AE2D6BE7C400982AB6 /* DetailRepositoryViewControllerFactory.swift */ = {isa = PBXFileReference; lastKnownFileType = sourcecode.swift; path = DetailRepositoryViewControllerFactory.swift; sourceTree = "<group>"; };
		24AFA6B02D6BE7CA00982AB6 /* DetailRepositoryViewControllerFactoryProtocol.swift */ = {isa = PBXFileReference; lastKnownFileType = sourcecode.swift; path = DetailRepositoryViewControllerFactoryProtocol.swift; sourceTree = "<group>"; };
		24AFA6B52D6D450200982AB6 /* WebViewCoordinator.swift */ = {isa = PBXFileReference; lastKnownFileType = sourcecode.swift; path = WebViewCoordinator.swift; sourceTree = "<group>"; };
		24AFA6B72D6D456F00982AB6 /* WebViewControllerFactory.swift */ = {isa = PBXFileReference; lastKnownFileType = sourcecode.swift; path = WebViewControllerFactory.swift; sourceTree = "<group>"; };
		24AFA6B92D6D457600982AB6 /* WebViewControllerFactoryProtocol.swift */ = {isa = PBXFileReference; lastKnownFileType = sourcecode.swift; path = WebViewControllerFactoryProtocol.swift; sourceTree = "<group>"; };
		24AFA6BB2D6D45BB00982AB6 /* WebViewController.swift */ = {isa = PBXFileReference; lastKnownFileType = sourcecode.swift; path = WebViewController.swift; sourceTree = "<group>"; };
		24AFA6BE2D6D490300982AB6 /* RepositoryDetailEntityStub.swift */ = {isa = PBXFileReference; lastKnownFileType = sourcecode.swift; path = RepositoryDetailEntityStub.swift; sourceTree = "<group>"; };
		24AFA6C02D6D4AA600982AB6 /* HomeViewControllerTests.swift */ = {isa = PBXFileReference; lastKnownFileType = sourcecode.swift; path = HomeViewControllerTests.swift; sourceTree = "<group>"; };
		24AFA6C22D6D4B2700982AB6 /* HomeViewModelSpy.swift */ = {isa = PBXFileReference; lastKnownFileType = sourcecode.swift; path = HomeViewModelSpy.swift; sourceTree = "<group>"; };
		24AFA6C42D6D4B6F00982AB6 /* HomeViewSpy.swift */ = {isa = PBXFileReference; lastKnownFileType = sourcecode.swift; path = HomeViewSpy.swift; sourceTree = "<group>"; };
		24AFA6C82D6D4C6200982AB6 /* DetailRepositoryViewEntityStub.swift */ = {isa = PBXFileReference; lastKnownFileType = sourcecode.swift; path = DetailRepositoryViewEntityStub.swift; sourceTree = "<group>"; };
		24AFA6CA2D6D4CD900982AB6 /* PullRequestEntityStub.swift */ = {isa = PBXFileReference; lastKnownFileType = sourcecode.swift; path = PullRequestEntityStub.swift; sourceTree = "<group>"; };
		24AFA6CC2D6D4D2400982AB6 /* GetRepositoryPullsUseCaseResponseStub.swift */ = {isa = PBXFileReference; lastKnownFileType = sourcecode.swift; path = GetRepositoryPullsUseCaseResponseStub.swift; sourceTree = "<group>"; };
		24AFA6CE2D6D4DAA00982AB6 /* RepositoryDetailCoordinatorSpy.swift */ = {isa = PBXFileReference; lastKnownFileType = sourcecode.swift; path = RepositoryDetailCoordinatorSpy.swift; sourceTree = "<group>"; };
		24AFA6D02D6D4DE000982AB6 /* DetailRepositoryViewFactorySpy.swift */ = {isa = PBXFileReference; lastKnownFileType = sourcecode.swift; path = DetailRepositoryViewFactorySpy.swift; sourceTree = "<group>"; };
		24AFA6D22D6D4E1F00982AB6 /* GetPullsUseCaseSpy.swift */ = {isa = PBXFileReference; lastKnownFileType = sourcecode.swift; path = GetPullsUseCaseSpy.swift; sourceTree = "<group>"; };
		24AFA6D42D6D4E6200982AB6 /* DetailRepositoryViewControllerSpy.swift */ = {isa = PBXFileReference; lastKnownFileType = sourcecode.swift; path = DetailRepositoryViewControllerSpy.swift; sourceTree = "<group>"; };
		24AFA6D62D6D4EE900982AB6 /* DetailRepositoryViewModelSpy.swift */ = {isa = PBXFileReference; lastKnownFileType = sourcecode.swift; path = DetailRepositoryViewModelSpy.swift; sourceTree = "<group>"; };
		24AFA6D82D6D4F1600982AB6 /* DetailRepositoryViewSpy.swift */ = {isa = PBXFileReference; lastKnownFileType = sourcecode.swift; path = DetailRepositoryViewSpy.swift; sourceTree = "<group>"; };
		24AFA6DA2D6D4FE900982AB6 /* DetailRepositoryViewControllerTests.swift */ = {isa = PBXFileReference; lastKnownFileType = sourcecode.swift; path = DetailRepositoryViewControllerTests.swift; sourceTree = "<group>"; };
		24AFA6DC2D6D502400982AB6 /* DetailRepositoryViewModelTests.swift */ = {isa = PBXFileReference; lastKnownFileType = sourcecode.swift; path = DetailRepositoryViewModelTests.swift; sourceTree = "<group>"; };
		24AFA6E02D6D626600982AB6 /* AlertEntity.swift */ = {isa = PBXFileReference; lastKnownFileType = sourcecode.swift; path = AlertEntity.swift; sourceTree = "<group>"; };
/* End PBXFileReference section */

/* Begin PBXFrameworksBuildPhase section */
		24620B002D66A9D100ED9B64 /* Frameworks */ = {
			isa = PBXFrameworksBuildPhase;
			buildActionMask = 2147483647;
			files = (
				24620B6C2D66B48E00ED9B64 /* Domain in Frameworks */,
				24620B702D66B48E00ED9B64 /* Networking in Frameworks */,
				24620B6A2D66B48E00ED9B64 /* Commons in Frameworks */,
			);
			runOnlyForDeploymentPostprocessing = 0;
		};
		24620B162D66A9D400ED9B64 /* Frameworks */ = {
			isa = PBXFrameworksBuildPhase;
			buildActionMask = 2147483647;
			files = (
			);
			runOnlyForDeploymentPostprocessing = 0;
		};
		24620B202D66A9D400ED9B64 /* Frameworks */ = {
			isa = PBXFrameworksBuildPhase;
			buildActionMask = 2147483647;
			files = (
			);
			runOnlyForDeploymentPostprocessing = 0;
		};
/* End PBXFrameworksBuildPhase section */

/* Begin PBXGroup section */
		24620AFA2D66A9D100ED9B64 = {
			isa = PBXGroup;
			children = (
				24620B052D66A9D100ED9B64 /* GHApp */,
				24620B1C2D66A9D400ED9B64 /* GHAppTests */,
				24620B262D66A9D400ED9B64 /* GHAppUITests */,
				24620B042D66A9D100ED9B64 /* Products */,
				24620B682D66B48E00ED9B64 /* Frameworks */,
			);
			sourceTree = "<group>";
		};
		24620B042D66A9D100ED9B64 /* Products */ = {
			isa = PBXGroup;
			children = (
				24620B032D66A9D100ED9B64 /* GHApp.app */,
				24620B192D66A9D400ED9B64 /* GHAppTests.xctest */,
				24620B232D66A9D400ED9B64 /* GHAppUITests.xctest */,
			);
			name = Products;
			sourceTree = "<group>";
		};
		24620B052D66A9D100ED9B64 /* GHApp */ = {
			isa = PBXGroup;
			children = (
				24AFA6AB2D6BE6DF00982AB6 /* Commons */,
				24AFA6672D69648600982AB6 /* Navigation */,
				24620B672D66B34400ED9B64 /* Commons */,
				24620B652D66B25E00ED9B64 /* Networking */,
				24620B642D66B25000ED9B64 /* Domain */,
				24620B452D66AE0A00ED9B64 /* SupportingFiles */,
				24620B3A2D66AA0E00ED9B64 /* UI */,
				24620B0F2D66A9D300ED9B64 /* Assets.xcassets */,
				24620B112D66A9D300ED9B64 /* LaunchScreen.storyboard */,
				24620B142D66A9D300ED9B64 /* Info.plist */,
			);
			path = GHApp;
			sourceTree = "<group>";
		};
		24620B1C2D66A9D400ED9B64 /* GHAppTests */ = {
			isa = PBXGroup;
			children = (
				24AFA6BD2D6D48A600982AB6 /* Detail */,
				24AFA6732D6BCB2200982AB6 /* Home */,
				24620B1D2D66A9D400ED9B64 /* GHAppTests.swift */,
			);
			path = GHAppTests;
			sourceTree = "<group>";
		};
		24620B262D66A9D400ED9B64 /* GHAppUITests */ = {
			isa = PBXGroup;
			children = (
				24620B272D66A9D400ED9B64 /* GHAppUITests.swift */,
				24620B292D66A9D400ED9B64 /* GHAppUITestsLaunchTests.swift */,
			);
			path = GHAppUITests;
			sourceTree = "<group>";
		};
		24620B3A2D66AA0E00ED9B64 /* UI */ = {
			isa = PBXGroup;
			children = (
				24AFA6B22D6D426F00982AB6 /* PullRequestWebView */,
				24AFA6902D6BD88D00982AB6 /* Detail */,
				24AFA66E2D6BBCE400982AB6 /* Components */,
				24620B712D66B77700ED9B64 /* Home */,
			);
			path = UI;
			sourceTree = "<group>";
		};
		24620B452D66AE0A00ED9B64 /* SupportingFiles */ = {
			isa = PBXGroup;
			children = (
				24620B062D66A9D100ED9B64 /* AppDelegate.swift */,
				24620B082D66A9D100ED9B64 /* SceneDelegate.swift */,
			);
			path = SupportingFiles;
			sourceTree = "<group>";
		};
		24620B682D66B48E00ED9B64 /* Frameworks */ = {
			isa = PBXGroup;
			children = (
			);
			name = Frameworks;
			sourceTree = "<group>";
		};
		24620B712D66B77700ED9B64 /* Home */ = {
			isa = PBXGroup;
			children = (
				24AFA68B2D6BD81400982AB6 /* DI */,
				24AFA6642D6962A200982AB6 /* Coordinator */,
				24620B762D66B79B00ED9B64 /* View */,
				24620B752D66B79100ED9B64 /* Factory */,
				24620B742D66B78700ED9B64 /* Entity */,
				24620B7D2D66B7C800ED9B64 /* HomeViewController.swift */,
				24620B7F2D66B7CF00ED9B64 /* HomeViewModel.swift */,
				24AFA6622D68AF6D00982AB6 /* HomeProtocols.swift */,
			);
			path = Home;
			sourceTree = "<group>";
		};
		24620B742D66B78700ED9B64 /* Entity */ = {
			isa = PBXGroup;
			children = (
				24620B772D66B7A800ED9B64 /* HomeViewEntity.swift */,
			);
			path = Entity;
			sourceTree = "<group>";
		};
		24620B752D66B79100ED9B64 /* Factory */ = {
			isa = PBXGroup;
			children = (
				24620B792D66B7B200ED9B64 /* HomeViewFactory.swift */,
			);
			path = Factory;
			sourceTree = "<group>";
		};
		24620B762D66B79B00ED9B64 /* View */ = {
			isa = PBXGroup;
			children = (
				24AFA65D2D68003F00982AB6 /* Cell */,
				24620B722D66B78500ED9B64 /* HomeView.swift */,
				24620B7B2D66B7BB00ED9B64 /* HomeViewState.swift */,
			);
			path = View;
			sourceTree = "<group>";
		};
		24AFA65D2D68003F00982AB6 /* Cell */ = {
			isa = PBXGroup;
			children = (
				24AFA65E2D68006800982AB6 /* RepositoryCellView.swift */,
				24AFA6602D6807E500982AB6 /* RepositoryCellViewEntity.swift */,
			);
			path = Cell;
			sourceTree = "<group>";
		};
		24AFA6642D6962A200982AB6 /* Coordinator */ = {
			isa = PBXGroup;
			children = (
				24AFA6652D6962AB00982AB6 /* HomeCoordinator.swift */,
			);
			path = Coordinator;
			sourceTree = "<group>";
		};
		24AFA6672D69648600982AB6 /* Navigation */ = {
			isa = PBXGroup;
			children = (
				24AFA66A2D69649100982AB6 /* AppCoordinator.swift */,
				24AFA6682D69649000982AB6 /* AppCoordinatorFactory.swift */,
				24AFA6692D69649100982AB6 /* Coordinator.swift */,
			);
			path = Navigation;
			sourceTree = "<group>";
		};
		24AFA66E2D6BBCE400982AB6 /* Components */ = {
			isa = PBXGroup;
			children = (
				24AFA66F2D6BBCEF00982AB6 /* LoadingView.swift */,
				24AFA6712D6BBE1F00982AB6 /* ErrorView.swift */,
			);
			path = Components;
			sourceTree = "<group>";
		};
		24AFA6732D6BCB2200982AB6 /* Home */ = {
			isa = PBXGroup;
			children = (
				24AFA67F2D6BCCFA00982AB6 /* Stubs */,
				24AFA6742D6BCB4B00982AB6 /* Spies */,
				24AFA6822D6BCDDB00982AB6 /* HomeViewModelTests.swift */,
				24AFA6C02D6D4AA600982AB6 /* HomeViewControllerTests.swift */,
			);
			path = Home;
			sourceTree = "<group>";
		};
		24AFA6742D6BCB4B00982AB6 /* Spies */ = {
			isa = PBXGroup;
			children = (
				24AFA6752D6BCB5C00982AB6 /* HomeCoordinatorSpy.swift */,
				24AFA6772D6BCB8A00982AB6 /* HomeViewFactorySpy.swift */,
				24AFA6872D6BCF6700982AB6 /* HomeViewControllerSpy.swift */,
				24AFA6A72D6BDE5E00982AB6 /* GetRepositoriesUseCaseSpy.swift */,
				24AFA6C22D6D4B2700982AB6 /* HomeViewModelSpy.swift */,
				24AFA6C42D6D4B6F00982AB6 /* HomeViewSpy.swift */,
			);
			path = Spies;
			sourceTree = "<group>";
		};
		24AFA67F2D6BCCFA00982AB6 /* Stubs */ = {
			isa = PBXGroup;
			children = (
				24AFA67B2D6BCBD500982AB6 /* HomeViewEntityStub.swift */,
				24AFA67D2D6BCC1100982AB6 /* RepositoryCellViewEntityStub.swift */,
				24AFA6802D6BCD0B00982AB6 /* GetRepositoriesUseCaseResponseStub.swift */,
				24AFA6892D6BD0BE00982AB6 /* RepositoriesRequestStub.swift */,
				24AFA6BE2D6D490300982AB6 /* RepositoryDetailEntityStub.swift */,
			);
			path = Stubs;
			sourceTree = "<group>";
		};
		24AFA68B2D6BD81400982AB6 /* DI */ = {
			isa = PBXGroup;
			children = (
				24AFA68C2D6BD81F00982AB6 /* HomeViewControllerFactory.swift */,
				24AFA68E2D6BD83F00982AB6 /* HomeViewControllerFactoryProtocol.swift */,
			);
			path = DI;
			sourceTree = "<group>";
		};
		24AFA6902D6BD88D00982AB6 /* Detail */ = {
			isa = PBXGroup;
			children = (
				24AFA6952D6BDCAE00982AB6 /* Entity */,
				24AFA6942D6BDCA800982AB6 /* Factory */,
				24AFA6932D6BDCA400982AB6 /* View */,
				24AFA6922D6BDC9F00982AB6 /* Coordinator */,
				24AFA6912D6BDC9900982AB6 /* DI */,
				24AFA6962D6BDCD300982AB6 /* DetailRepositoryViewController.swift */,
				24AFA6982D6BDCDA00982AB6 /* DetailRepositoryViewModel.swift */,
				24AFA69A2D6BDCE100982AB6 /* DetailRepositoryProtocols.swift */,
			);
			path = Detail;
			sourceTree = "<group>";
		};
		24AFA6912D6BDC9900982AB6 /* DI */ = {
			isa = PBXGroup;
			children = (
				24AFA6AE2D6BE7C400982AB6 /* DetailRepositoryViewControllerFactory.swift */,
				24AFA6B02D6BE7CA00982AB6 /* DetailRepositoryViewControllerFactoryProtocol.swift */,
			);
			path = DI;
			sourceTree = "<group>";
		};
		24AFA6922D6BDC9F00982AB6 /* Coordinator */ = {
			isa = PBXGroup;
			children = (
				24AFA69C2D6BDCE800982AB6 /* DetailRepositoryCoordinator.swift */,
			);
			path = Coordinator;
			sourceTree = "<group>";
		};
		24AFA6932D6BDCA400982AB6 /* View */ = {
			isa = PBXGroup;
			children = (
				24AFA6A22D6BDD0100982AB6 /* Cell */,
				24AFA6A32D6BDD1800982AB6 /* DetailRepositoryView.swift */,
				24AFA6A52D6BDD1F00982AB6 /* DetailRepositoryViewState.swift */,
			);
			path = View;
			sourceTree = "<group>";
		};
		24AFA6942D6BDCA800982AB6 /* Factory */ = {
			isa = PBXGroup;
			children = (
				24AFA6A02D6BDCFA00982AB6 /* DetailRepositoryViewFactory.swift */,
			);
			path = Factory;
			sourceTree = "<group>";
		};
		24AFA6952D6BDCAE00982AB6 /* Entity */ = {
			isa = PBXGroup;
			children = (
				24AFA69E2D6BDCF200982AB6 /* DetailRepositoryEntity.swift */,
			);
			path = Entity;
			sourceTree = "<group>";
		};
		24AFA6A22D6BDD0100982AB6 /* Cell */ = {
			isa = PBXGroup;
			children = (
				24AFA6A92D6BE3D200982AB6 /* PullRequestCellView.swift */,
			);
			path = Cell;
			sourceTree = "<group>";
		};
		24AFA6AB2D6BE6DF00982AB6 /* Commons */ = {
			isa = PBXGroup;
			children = (
				24AFA6AC2D6BE6EC00982AB6 /* RepositoryDetailEntity.swift */,
				24AFA6E02D6D626600982AB6 /* AlertEntity.swift */,
			);
			path = Commons;
			sourceTree = "<group>";
		};
		24AFA6B22D6D426F00982AB6 /* PullRequestWebView */ = {
			isa = PBXGroup;
			children = (
				24AFA6B52D6D450200982AB6 /* WebViewCoordinator.swift */,
				24AFA6B72D6D456F00982AB6 /* WebViewControllerFactory.swift */,
				24AFA6B92D6D457600982AB6 /* WebViewControllerFactoryProtocol.swift */,
				24AFA6BB2D6D45BB00982AB6 /* WebViewController.swift */,
			);
			path = PullRequestWebView;
			sourceTree = "<group>";
		};
		24AFA6BD2D6D48A600982AB6 /* Detail */ = {
			isa = PBXGroup;
			children = (
				24AFA6C72D6D4C4600982AB6 /* Spies */,
				24AFA6C62D6D4C4000982AB6 /* Stubs */,
				24AFA6DA2D6D4FE900982AB6 /* DetailRepositoryViewControllerTests.swift */,
				24AFA6DC2D6D502400982AB6 /* DetailRepositoryViewModelTests.swift */,
			);
			path = Detail;
			sourceTree = "<group>";
		};
		24AFA6C62D6D4C4000982AB6 /* Stubs */ = {
			isa = PBXGroup;
			children = (
				24AFA6C82D6D4C6200982AB6 /* DetailRepositoryViewEntityStub.swift */,
				24AFA6CA2D6D4CD900982AB6 /* PullRequestEntityStub.swift */,
				24AFA6CC2D6D4D2400982AB6 /* GetRepositoryPullsUseCaseResponseStub.swift */,
			);
			path = Stubs;
			sourceTree = "<group>";
		};
		24AFA6C72D6D4C4600982AB6 /* Spies */ = {
			isa = PBXGroup;
			children = (
				24AFA6CE2D6D4DAA00982AB6 /* RepositoryDetailCoordinatorSpy.swift */,
				24AFA6D02D6D4DE000982AB6 /* DetailRepositoryViewFactorySpy.swift */,
				24AFA6D22D6D4E1F00982AB6 /* GetPullsUseCaseSpy.swift */,
				24AFA6D42D6D4E6200982AB6 /* DetailRepositoryViewControllerSpy.swift */,
				24AFA6D62D6D4EE900982AB6 /* DetailRepositoryViewModelSpy.swift */,
				24AFA6D82D6D4F1600982AB6 /* DetailRepositoryViewSpy.swift */,
			);
			path = Spies;
			sourceTree = "<group>";
		};
/* End PBXGroup section */

/* Begin PBXNativeTarget section */
		24620B022D66A9D100ED9B64 /* GHApp */ = {
			isa = PBXNativeTarget;
			buildConfigurationList = 24620B2D2D66A9D400ED9B64 /* Build configuration list for PBXNativeTarget "GHApp" */;
			buildPhases = (
				24620AFF2D66A9D100ED9B64 /* Sources */,
				24620B002D66A9D100ED9B64 /* Frameworks */,
				24620B012D66A9D100ED9B64 /* Resources */,
			);
			buildRules = (
			);
			dependencies = (
			);
			name = GHApp;
			packageProductDependencies = (
				24620B692D66B48E00ED9B64 /* Commons */,
				24620B6B2D66B48E00ED9B64 /* Domain */,
				24620B6F2D66B48E00ED9B64 /* Networking */,
			);
			productName = GHApp;
			productReference = 24620B032D66A9D100ED9B64 /* GHApp.app */;
			productType = "com.apple.product-type.application";
		};
		24620B182D66A9D400ED9B64 /* GHAppTests */ = {
			isa = PBXNativeTarget;
			buildConfigurationList = 24620B302D66A9D400ED9B64 /* Build configuration list for PBXNativeTarget "GHAppTests" */;
			buildPhases = (
				24620B152D66A9D400ED9B64 /* Sources */,
				24620B162D66A9D400ED9B64 /* Frameworks */,
				24620B172D66A9D400ED9B64 /* Resources */,
			);
			buildRules = (
			);
			dependencies = (
				24620B1B2D66A9D400ED9B64 /* PBXTargetDependency */,
			);
			name = GHAppTests;
			productName = GHAppTests;
			productReference = 24620B192D66A9D400ED9B64 /* GHAppTests.xctest */;
			productType = "com.apple.product-type.bundle.unit-test";
		};
		24620B222D66A9D400ED9B64 /* GHAppUITests */ = {
			isa = PBXNativeTarget;
			buildConfigurationList = 24620B332D66A9D400ED9B64 /* Build configuration list for PBXNativeTarget "GHAppUITests" */;
			buildPhases = (
				24620B1F2D66A9D400ED9B64 /* Sources */,
				24620B202D66A9D400ED9B64 /* Frameworks */,
				24620B212D66A9D400ED9B64 /* Resources */,
			);
			buildRules = (
			);
			dependencies = (
				24620B252D66A9D400ED9B64 /* PBXTargetDependency */,
			);
			name = GHAppUITests;
			productName = GHAppUITests;
			productReference = 24620B232D66A9D400ED9B64 /* GHAppUITests.xctest */;
			productType = "com.apple.product-type.bundle.ui-testing";
		};
/* End PBXNativeTarget section */

/* Begin PBXProject section */
		24620AFB2D66A9D100ED9B64 /* Project object */ = {
			isa = PBXProject;
			attributes = {
				BuildIndependentTargetsInParallel = 1;
				LastSwiftUpdateCheck = 1520;
				LastUpgradeCheck = 1520;
				TargetAttributes = {
					24620B022D66A9D100ED9B64 = {
						CreatedOnToolsVersion = 15.2;
					};
					24620B182D66A9D400ED9B64 = {
						CreatedOnToolsVersion = 15.2;
						TestTargetID = 24620B022D66A9D100ED9B64;
					};
					24620B222D66A9D400ED9B64 = {
						CreatedOnToolsVersion = 15.2;
						TestTargetID = 24620B022D66A9D100ED9B64;
					};
				};
			};
			buildConfigurationList = 24620AFE2D66A9D100ED9B64 /* Build configuration list for PBXProject "GHApp" */;
			compatibilityVersion = "Xcode 14.0";
			developmentRegion = en;
			hasScannedForEncodings = 0;
			knownRegions = (
				en,
				Base,
			);
			mainGroup = 24620AFA2D66A9D100ED9B64;
			productRefGroup = 24620B042D66A9D100ED9B64 /* Products */;
			projectDirPath = "";
			projectRoot = "";
			targets = (
				24620B022D66A9D100ED9B64 /* GHApp */,
				24620B182D66A9D400ED9B64 /* GHAppTests */,
				24620B222D66A9D400ED9B64 /* GHAppUITests */,
			);
		};
/* End PBXProject section */

/* Begin PBXResourcesBuildPhase section */
		24620B012D66A9D100ED9B64 /* Resources */ = {
			isa = PBXResourcesBuildPhase;
			buildActionMask = 2147483647;
			files = (
				24620B132D66A9D300ED9B64 /* LaunchScreen.storyboard in Resources */,
				24620B102D66A9D300ED9B64 /* Assets.xcassets in Resources */,
			);
			runOnlyForDeploymentPostprocessing = 0;
		};
		24620B172D66A9D400ED9B64 /* Resources */ = {
			isa = PBXResourcesBuildPhase;
			buildActionMask = 2147483647;
			files = (
			);
			runOnlyForDeploymentPostprocessing = 0;
		};
		24620B212D66A9D400ED9B64 /* Resources */ = {
			isa = PBXResourcesBuildPhase;
			buildActionMask = 2147483647;
			files = (
			);
			runOnlyForDeploymentPostprocessing = 0;
		};
/* End PBXResourcesBuildPhase section */

/* Begin PBXSourcesBuildPhase section */
		24620AFF2D66A9D100ED9B64 /* Sources */ = {
			isa = PBXSourcesBuildPhase;
			buildActionMask = 2147483647;
			files = (
				24620B782D66B7A800ED9B64 /* HomeViewEntity.swift in Sources */,
				24AFA6972D6BDCD300982AB6 /* DetailRepositoryViewController.swift in Sources */,
				24620B7A2D66B7B200ED9B64 /* HomeViewFactory.swift in Sources */,
				24620B732D66B78500ED9B64 /* HomeView.swift in Sources */,
				24AFA6AF2D6BE7C400982AB6 /* DetailRepositoryViewControllerFactory.swift in Sources */,
				24AFA6A12D6BDCFA00982AB6 /* DetailRepositoryViewFactory.swift in Sources */,
				24620B802D66B7CF00ED9B64 /* HomeViewModel.swift in Sources */,
				24AFA6722D6BBE1F00982AB6 /* ErrorView.swift in Sources */,
				24AFA6632D68AF6D00982AB6 /* HomeProtocols.swift in Sources */,
				24AFA6702D6BBCEF00982AB6 /* LoadingView.swift in Sources */,
				24AFA69D2D6BDCE800982AB6 /* DetailRepositoryCoordinator.swift in Sources */,
				24AFA6662D6962AB00982AB6 /* HomeCoordinator.swift in Sources */,
				24AFA68D2D6BD81F00982AB6 /* HomeViewControllerFactory.swift in Sources */,
				24AFA6B82D6D456F00982AB6 /* WebViewControllerFactory.swift in Sources */,
				24AFA66C2D69649100982AB6 /* Coordinator.swift in Sources */,
				24AFA6AA2D6BE3D200982AB6 /* PullRequestCellView.swift in Sources */,
				24AFA6B12D6BE7CA00982AB6 /* DetailRepositoryViewControllerFactoryProtocol.swift in Sources */,
				24AFA66B2D69649100982AB6 /* AppCoordinatorFactory.swift in Sources */,
				24AFA6BC2D6D45BB00982AB6 /* WebViewController.swift in Sources */,
				24AFA69B2D6BDCE100982AB6 /* DetailRepositoryProtocols.swift in Sources */,
				24AFA6AD2D6BE6EC00982AB6 /* RepositoryDetailEntity.swift in Sources */,
				24AFA6992D6BDCDA00982AB6 /* DetailRepositoryViewModel.swift in Sources */,
				24AFA69F2D6BDCF200982AB6 /* DetailRepositoryEntity.swift in Sources */,
				24620B7C2D66B7BB00ED9B64 /* HomeViewState.swift in Sources */,
				24620B072D66A9D100ED9B64 /* AppDelegate.swift in Sources */,
				24AFA65F2D68006800982AB6 /* RepositoryCellView.swift in Sources */,
				24AFA68F2D6BD83F00982AB6 /* HomeViewControllerFactoryProtocol.swift in Sources */,
				24AFA6A62D6BDD1F00982AB6 /* DetailRepositoryViewState.swift in Sources */,
				24620B7E2D66B7C800ED9B64 /* HomeViewController.swift in Sources */,
				24AFA66D2D69649100982AB6 /* AppCoordinator.swift in Sources */,
				24AFA6BA2D6D457600982AB6 /* WebViewControllerFactoryProtocol.swift in Sources */,
				24AFA6B62D6D450200982AB6 /* WebViewCoordinator.swift in Sources */,
				24620B092D66A9D100ED9B64 /* SceneDelegate.swift in Sources */,
				24AFA6E12D6D626600982AB6 /* AlertEntity.swift in Sources */,
				24AFA6612D6807E500982AB6 /* RepositoryCellViewEntity.swift in Sources */,
				24AFA6A42D6BDD1800982AB6 /* DetailRepositoryView.swift in Sources */,
			);
			runOnlyForDeploymentPostprocessing = 0;
		};
		24620B152D66A9D400ED9B64 /* Sources */ = {
			isa = PBXSourcesBuildPhase;
			buildActionMask = 2147483647;
			files = (
				24AFA6D32D6D4E1F00982AB6 /* GetPullsUseCaseSpy.swift in Sources */,
				24AFA6C52D6D4B6F00982AB6 /* HomeViewSpy.swift in Sources */,
				24AFA6CF2D6D4DAA00982AB6 /* RepositoryDetailCoordinatorSpy.swift in Sources */,
				24AFA6CB2D6D4CD900982AB6 /* PullRequestEntityStub.swift in Sources */,
				24AFA6782D6BCB8A00982AB6 /* HomeViewFactorySpy.swift in Sources */,
				24AFA6C12D6D4AA600982AB6 /* HomeViewControllerTests.swift in Sources */,
				24AFA6762D6BCB5C00982AB6 /* HomeCoordinatorSpy.swift in Sources */,
				24AFA6832D6BCDDB00982AB6 /* HomeViewModelTests.swift in Sources */,
				24AFA6812D6BCD0B00982AB6 /* GetRepositoriesUseCaseResponseStub.swift in Sources */,
				24AFA67E2D6BCC1100982AB6 /* RepositoryCellViewEntityStub.swift in Sources */,
				24AFA6C92D6D4C6200982AB6 /* DetailRepositoryViewEntityStub.swift in Sources */,
				24AFA6D52D6D4E6200982AB6 /* DetailRepositoryViewControllerSpy.swift in Sources */,
				24AFA67C2D6BCBD500982AB6 /* HomeViewEntityStub.swift in Sources */,
				24AFA68A2D6BD0BE00982AB6 /* RepositoriesRequestStub.swift in Sources */,
				24AFA6D92D6D4F1600982AB6 /* DetailRepositoryViewSpy.swift in Sources */,
				24620B1E2D66A9D400ED9B64 /* GHAppTests.swift in Sources */,
				24AFA6C32D6D4B2700982AB6 /* HomeViewModelSpy.swift in Sources */,
				24AFA6DB2D6D4FE900982AB6 /* DetailRepositoryViewControllerTests.swift in Sources */,
				24AFA6CD2D6D4D2400982AB6 /* GetRepositoryPullsUseCaseResponseStub.swift in Sources */,
				24AFA6882D6BCF6700982AB6 /* HomeViewControllerSpy.swift in Sources */,
				24AFA6DD2D6D502400982AB6 /* DetailRepositoryViewModelTests.swift in Sources */,
				24AFA6D12D6D4DE000982AB6 /* DetailRepositoryViewFactorySpy.swift in Sources */,
				24AFA6BF2D6D490300982AB6 /* RepositoryDetailEntityStub.swift in Sources */,
				24AFA6D72D6D4EE900982AB6 /* DetailRepositoryViewModelSpy.swift in Sources */,
				24AFA6A82D6BDE5E00982AB6 /* GetRepositoriesUseCaseSpy.swift in Sources */,
			);
			runOnlyForDeploymentPostprocessing = 0;
		};
		24620B1F2D66A9D400ED9B64 /* Sources */ = {
			isa = PBXSourcesBuildPhase;
			buildActionMask = 2147483647;
			files = (
				24620B282D66A9D400ED9B64 /* GHAppUITests.swift in Sources */,
				24620B2A2D66A9D400ED9B64 /* GHAppUITestsLaunchTests.swift in Sources */,
			);
			runOnlyForDeploymentPostprocessing = 0;
		};
/* End PBXSourcesBuildPhase section */

/* Begin PBXTargetDependency section */
		24620B1B2D66A9D400ED9B64 /* PBXTargetDependency */ = {
			isa = PBXTargetDependency;
			target = 24620B022D66A9D100ED9B64 /* GHApp */;
			targetProxy = 24620B1A2D66A9D400ED9B64 /* PBXContainerItemProxy */;
		};
		24620B252D66A9D400ED9B64 /* PBXTargetDependency */ = {
			isa = PBXTargetDependency;
			target = 24620B022D66A9D100ED9B64 /* GHApp */;
			targetProxy = 24620B242D66A9D400ED9B64 /* PBXContainerItemProxy */;
		};
/* End PBXTargetDependency section */

/* Begin PBXVariantGroup section */
		24620B112D66A9D300ED9B64 /* LaunchScreen.storyboard */ = {
			isa = PBXVariantGroup;
			children = (
				24620B122D66A9D300ED9B64 /* Base */,
			);
			name = LaunchScreen.storyboard;
			sourceTree = "<group>";
		};
/* End PBXVariantGroup section */

/* Begin XCBuildConfiguration section */
		24620B2B2D66A9D400ED9B64 /* Debug */ = {
			isa = XCBuildConfiguration;
			buildSettings = {
				ALWAYS_SEARCH_USER_PATHS = NO;
				ASSETCATALOG_COMPILER_GENERATE_SWIFT_ASSET_SYMBOL_EXTENSIONS = YES;
				CLANG_ANALYZER_NONNULL = YES;
				CLANG_ANALYZER_NUMBER_OBJECT_CONVERSION = YES_AGGRESSIVE;
				CLANG_CXX_LANGUAGE_STANDARD = "gnu++20";
				CLANG_ENABLE_MODULES = YES;
				CLANG_ENABLE_OBJC_ARC = YES;
				CLANG_ENABLE_OBJC_WEAK = YES;
				CLANG_WARN_BLOCK_CAPTURE_AUTORELEASING = YES;
				CLANG_WARN_BOOL_CONVERSION = YES;
				CLANG_WARN_COMMA = YES;
				CLANG_WARN_CONSTANT_CONVERSION = YES;
				CLANG_WARN_DEPRECATED_OBJC_IMPLEMENTATIONS = YES;
				CLANG_WARN_DIRECT_OBJC_ISA_USAGE = YES_ERROR;
				CLANG_WARN_DOCUMENTATION_COMMENTS = YES;
				CLANG_WARN_EMPTY_BODY = YES;
				CLANG_WARN_ENUM_CONVERSION = YES;
				CLANG_WARN_INFINITE_RECURSION = YES;
				CLANG_WARN_INT_CONVERSION = YES;
				CLANG_WARN_NON_LITERAL_NULL_CONVERSION = YES;
				CLANG_WARN_OBJC_IMPLICIT_RETAIN_SELF = YES;
				CLANG_WARN_OBJC_LITERAL_CONVERSION = YES;
				CLANG_WARN_OBJC_ROOT_CLASS = YES_ERROR;
				CLANG_WARN_QUOTED_INCLUDE_IN_FRAMEWORK_HEADER = YES;
				CLANG_WARN_RANGE_LOOP_ANALYSIS = YES;
				CLANG_WARN_STRICT_PROTOTYPES = YES;
				CLANG_WARN_SUSPICIOUS_MOVE = YES;
				CLANG_WARN_UNGUARDED_AVAILABILITY = YES_AGGRESSIVE;
				CLANG_WARN_UNREACHABLE_CODE = YES;
				CLANG_WARN__DUPLICATE_METHOD_MATCH = YES;
				COPY_PHASE_STRIP = NO;
				DEBUG_INFORMATION_FORMAT = dwarf;
				ENABLE_STRICT_OBJC_MSGSEND = YES;
				ENABLE_TESTABILITY = YES;
				ENABLE_USER_SCRIPT_SANDBOXING = YES;
				GCC_C_LANGUAGE_STANDARD = gnu17;
				GCC_DYNAMIC_NO_PIC = NO;
				GCC_NO_COMMON_BLOCKS = YES;
				GCC_OPTIMIZATION_LEVEL = 0;
				GCC_PREPROCESSOR_DEFINITIONS = (
					"DEBUG=1",
					"$(inherited)",
				);
				GCC_WARN_64_TO_32_BIT_CONVERSION = YES;
				GCC_WARN_ABOUT_RETURN_TYPE = YES_ERROR;
				GCC_WARN_UNDECLARED_SELECTOR = YES;
				GCC_WARN_UNINITIALIZED_AUTOS = YES_AGGRESSIVE;
				GCC_WARN_UNUSED_FUNCTION = YES;
				GCC_WARN_UNUSED_VARIABLE = YES;
				IPHONEOS_DEPLOYMENT_TARGET = 17.2;
				LOCALIZATION_PREFERS_STRING_CATALOGS = YES;
				MTL_ENABLE_DEBUG_INFO = INCLUDE_SOURCE;
				MTL_FAST_MATH = YES;
				ONLY_ACTIVE_ARCH = YES;
				SDKROOT = iphoneos;
				SWIFT_ACTIVE_COMPILATION_CONDITIONS = "DEBUG $(inherited)";
				SWIFT_OPTIMIZATION_LEVEL = "-Onone";
			};
			name = Debug;
		};
		24620B2C2D66A9D400ED9B64 /* Release */ = {
			isa = XCBuildConfiguration;
			buildSettings = {
				ALWAYS_SEARCH_USER_PATHS = NO;
				ASSETCATALOG_COMPILER_GENERATE_SWIFT_ASSET_SYMBOL_EXTENSIONS = YES;
				CLANG_ANALYZER_NONNULL = YES;
				CLANG_ANALYZER_NUMBER_OBJECT_CONVERSION = YES_AGGRESSIVE;
				CLANG_CXX_LANGUAGE_STANDARD = "gnu++20";
				CLANG_ENABLE_MODULES = YES;
				CLANG_ENABLE_OBJC_ARC = YES;
				CLANG_ENABLE_OBJC_WEAK = YES;
				CLANG_WARN_BLOCK_CAPTURE_AUTORELEASING = YES;
				CLANG_WARN_BOOL_CONVERSION = YES;
				CLANG_WARN_COMMA = YES;
				CLANG_WARN_CONSTANT_CONVERSION = YES;
				CLANG_WARN_DEPRECATED_OBJC_IMPLEMENTATIONS = YES;
				CLANG_WARN_DIRECT_OBJC_ISA_USAGE = YES_ERROR;
				CLANG_WARN_DOCUMENTATION_COMMENTS = YES;
				CLANG_WARN_EMPTY_BODY = YES;
				CLANG_WARN_ENUM_CONVERSION = YES;
				CLANG_WARN_INFINITE_RECURSION = YES;
				CLANG_WARN_INT_CONVERSION = YES;
				CLANG_WARN_NON_LITERAL_NULL_CONVERSION = YES;
				CLANG_WARN_OBJC_IMPLICIT_RETAIN_SELF = YES;
				CLANG_WARN_OBJC_LITERAL_CONVERSION = YES;
				CLANG_WARN_OBJC_ROOT_CLASS = YES_ERROR;
				CLANG_WARN_QUOTED_INCLUDE_IN_FRAMEWORK_HEADER = YES;
				CLANG_WARN_RANGE_LOOP_ANALYSIS = YES;
				CLANG_WARN_STRICT_PROTOTYPES = YES;
				CLANG_WARN_SUSPICIOUS_MOVE = YES;
				CLANG_WARN_UNGUARDED_AVAILABILITY = YES_AGGRESSIVE;
				CLANG_WARN_UNREACHABLE_CODE = YES;
				CLANG_WARN__DUPLICATE_METHOD_MATCH = YES;
				COPY_PHASE_STRIP = NO;
				DEBUG_INFORMATION_FORMAT = "dwarf-with-dsym";
				ENABLE_NS_ASSERTIONS = NO;
				ENABLE_STRICT_OBJC_MSGSEND = YES;
				ENABLE_USER_SCRIPT_SANDBOXING = YES;
				GCC_C_LANGUAGE_STANDARD = gnu17;
				GCC_NO_COMMON_BLOCKS = YES;
				GCC_WARN_64_TO_32_BIT_CONVERSION = YES;
				GCC_WARN_ABOUT_RETURN_TYPE = YES_ERROR;
				GCC_WARN_UNDECLARED_SELECTOR = YES;
				GCC_WARN_UNINITIALIZED_AUTOS = YES_AGGRESSIVE;
				GCC_WARN_UNUSED_FUNCTION = YES;
				GCC_WARN_UNUSED_VARIABLE = YES;
				IPHONEOS_DEPLOYMENT_TARGET = 17.2;
				LOCALIZATION_PREFERS_STRING_CATALOGS = YES;
				MTL_ENABLE_DEBUG_INFO = NO;
				MTL_FAST_MATH = YES;
				SDKROOT = iphoneos;
				SWIFT_COMPILATION_MODE = wholemodule;
				VALIDATE_PRODUCT = YES;
			};
			name = Release;
		};
		24620B2E2D66A9D400ED9B64 /* Debug */ = {
			isa = XCBuildConfiguration;
			buildSettings = {
				ASSETCATALOG_COMPILER_APPICON_NAME = AppIcon;
				ASSETCATALOG_COMPILER_GLOBAL_ACCENT_COLOR_NAME = AccentColor;
				CODE_SIGN_STYLE = Automatic;
				CURRENT_PROJECT_VERSION = 1;
				GENERATE_INFOPLIST_FILE = YES;
				INFOPLIST_FILE = GHApp/Info.plist;
				INFOPLIST_KEY_UIApplicationSupportsIndirectInputEvents = YES;
				INFOPLIST_KEY_UILaunchStoryboardName = LaunchScreen;
				INFOPLIST_KEY_UISupportedInterfaceOrientations_iPad = "UIInterfaceOrientationPortrait UIInterfaceOrientationPortraitUpsideDown UIInterfaceOrientationLandscapeLeft UIInterfaceOrientationLandscapeRight";
				INFOPLIST_KEY_UISupportedInterfaceOrientations_iPhone = "UIInterfaceOrientationPortrait UIInterfaceOrientationLandscapeLeft UIInterfaceOrientationLandscapeRight";
				LD_RUNPATH_SEARCH_PATHS = (
					"$(inherited)",
					"@executable_path/Frameworks",
				);
				MARKETING_VERSION = 1.0;
				PRODUCT_BUNDLE_IDENTIFIER = com.danielgx.GHApp;
				PRODUCT_NAME = "$(TARGET_NAME)";
				SWIFT_EMIT_LOC_STRINGS = YES;
				SWIFT_VERSION = 5.0;
				TARGETED_DEVICE_FAMILY = "1,2";
			};
			name = Debug;
		};
		24620B2F2D66A9D400ED9B64 /* Release */ = {
			isa = XCBuildConfiguration;
			buildSettings = {
				ASSETCATALOG_COMPILER_APPICON_NAME = AppIcon;
				ASSETCATALOG_COMPILER_GLOBAL_ACCENT_COLOR_NAME = AccentColor;
				CODE_SIGN_STYLE = Automatic;
				CURRENT_PROJECT_VERSION = 1;
				GENERATE_INFOPLIST_FILE = YES;
				INFOPLIST_FILE = GHApp/Info.plist;
				INFOPLIST_KEY_UIApplicationSupportsIndirectInputEvents = YES;
				INFOPLIST_KEY_UILaunchStoryboardName = LaunchScreen;
				INFOPLIST_KEY_UISupportedInterfaceOrientations_iPad = "UIInterfaceOrientationPortrait UIInterfaceOrientationPortraitUpsideDown UIInterfaceOrientationLandscapeLeft UIInterfaceOrientationLandscapeRight";
				INFOPLIST_KEY_UISupportedInterfaceOrientations_iPhone = "UIInterfaceOrientationPortrait UIInterfaceOrientationLandscapeLeft UIInterfaceOrientationLandscapeRight";
				LD_RUNPATH_SEARCH_PATHS = (
					"$(inherited)",
					"@executable_path/Frameworks",
				);
				MARKETING_VERSION = 1.0;
				PRODUCT_BUNDLE_IDENTIFIER = com.danielgx.GHApp;
				PRODUCT_NAME = "$(TARGET_NAME)";
				SWIFT_EMIT_LOC_STRINGS = YES;
				SWIFT_VERSION = 5.0;
				TARGETED_DEVICE_FAMILY = "1,2";
			};
			name = Release;
		};
		24620B312D66A9D400ED9B64 /* Debug */ = {
			isa = XCBuildConfiguration;
			buildSettings = {
				ALWAYS_EMBED_SWIFT_STANDARD_LIBRARIES = YES;
				BUNDLE_LOADER = "$(TEST_HOST)";
				CODE_SIGN_STYLE = Automatic;
				CURRENT_PROJECT_VERSION = 1;
				GENERATE_INFOPLIST_FILE = YES;
				IPHONEOS_DEPLOYMENT_TARGET = 17.2;
				MARKETING_VERSION = 1.0;
				PRODUCT_BUNDLE_IDENTIFIER = com.danielgx.GHAppTests;
				PRODUCT_NAME = "$(TARGET_NAME)";
				SWIFT_EMIT_LOC_STRINGS = NO;
				SWIFT_VERSION = 5.0;
				TARGETED_DEVICE_FAMILY = "1,2";
				TEST_HOST = "$(BUILT_PRODUCTS_DIR)/GHApp.app/$(BUNDLE_EXECUTABLE_FOLDER_PATH)/GHApp";
			};
			name = Debug;
		};
		24620B322D66A9D400ED9B64 /* Release */ = {
			isa = XCBuildConfiguration;
			buildSettings = {
				ALWAYS_EMBED_SWIFT_STANDARD_LIBRARIES = YES;
				BUNDLE_LOADER = "$(TEST_HOST)";
				CODE_SIGN_STYLE = Automatic;
				CURRENT_PROJECT_VERSION = 1;
				GENERATE_INFOPLIST_FILE = YES;
				IPHONEOS_DEPLOYMENT_TARGET = 17.2;
				MARKETING_VERSION = 1.0;
				PRODUCT_BUNDLE_IDENTIFIER = com.danielgx.GHAppTests;
				PRODUCT_NAME = "$(TARGET_NAME)";
				SWIFT_EMIT_LOC_STRINGS = NO;
				SWIFT_VERSION = 5.0;
				TARGETED_DEVICE_FAMILY = "1,2";
				TEST_HOST = "$(BUILT_PRODUCTS_DIR)/GHApp.app/$(BUNDLE_EXECUTABLE_FOLDER_PATH)/GHApp";
			};
			name = Release;
		};
		24620B342D66A9D400ED9B64 /* Debug */ = {
			isa = XCBuildConfiguration;
			buildSettings = {
				ALWAYS_EMBED_SWIFT_STANDARD_LIBRARIES = YES;
				CODE_SIGN_STYLE = Automatic;
				CURRENT_PROJECT_VERSION = 1;
				GENERATE_INFOPLIST_FILE = YES;
				MARKETING_VERSION = 1.0;
				PRODUCT_BUNDLE_IDENTIFIER = com.danielgx.GHAppUITests;
				PRODUCT_NAME = "$(TARGET_NAME)";
				SWIFT_EMIT_LOC_STRINGS = NO;
				SWIFT_VERSION = 5.0;
				TARGETED_DEVICE_FAMILY = "1,2";
				TEST_TARGET_NAME = GHApp;
			};
			name = Debug;
		};
		24620B352D66A9D400ED9B64 /* Release */ = {
			isa = XCBuildConfiguration;
			buildSettings = {
				ALWAYS_EMBED_SWIFT_STANDARD_LIBRARIES = YES;
				CODE_SIGN_STYLE = Automatic;
				CURRENT_PROJECT_VERSION = 1;
				GENERATE_INFOPLIST_FILE = YES;
				MARKETING_VERSION = 1.0;
				PRODUCT_BUNDLE_IDENTIFIER = com.danielgx.GHAppUITests;
				PRODUCT_NAME = "$(TARGET_NAME)";
				SWIFT_EMIT_LOC_STRINGS = NO;
				SWIFT_VERSION = 5.0;
				TARGETED_DEVICE_FAMILY = "1,2";
				TEST_TARGET_NAME = GHApp;
			};
			name = Release;
		};
/* End XCBuildConfiguration section */

/* Begin XCConfigurationList section */
		24620AFE2D66A9D100ED9B64 /* Build configuration list for PBXProject "GHApp" */ = {
			isa = XCConfigurationList;
			buildConfigurations = (
				24620B2B2D66A9D400ED9B64 /* Debug */,
				24620B2C2D66A9D400ED9B64 /* Release */,
			);
			defaultConfigurationIsVisible = 0;
			defaultConfigurationName = Release;
		};
		24620B2D2D66A9D400ED9B64 /* Build configuration list for PBXNativeTarget "GHApp" */ = {
			isa = XCConfigurationList;
			buildConfigurations = (
				24620B2E2D66A9D400ED9B64 /* Debug */,
				24620B2F2D66A9D400ED9B64 /* Release */,
			);
			defaultConfigurationIsVisible = 0;
			defaultConfigurationName = Release;
		};
		24620B302D66A9D400ED9B64 /* Build configuration list for PBXNativeTarget "GHAppTests" */ = {
			isa = XCConfigurationList;
			buildConfigurations = (
				24620B312D66A9D400ED9B64 /* Debug */,
				24620B322D66A9D400ED9B64 /* Release */,
			);
			defaultConfigurationIsVisible = 0;
			defaultConfigurationName = Release;
		};
		24620B332D66A9D400ED9B64 /* Build configuration list for PBXNativeTarget "GHAppUITests" */ = {
			isa = XCConfigurationList;
			buildConfigurations = (
				24620B342D66A9D400ED9B64 /* Debug */,
				24620B352D66A9D400ED9B64 /* Release */,
			);
			defaultConfigurationIsVisible = 0;
			defaultConfigurationName = Release;
		};
/* End XCConfigurationList section */

/* Begin XCSwiftPackageProductDependency section */
		24620B692D66B48E00ED9B64 /* Commons */ = {
			isa = XCSwiftPackageProductDependency;
			productName = Commons;
		};
		24620B6B2D66B48E00ED9B64 /* Domain */ = {
			isa = XCSwiftPackageProductDependency;
			productName = Domain;
		};
		24620B6F2D66B48E00ED9B64 /* Networking */ = {
			isa = XCSwiftPackageProductDependency;
			productName = Networking;
		};
/* End XCSwiftPackageProductDependency section */
	};
	rootObject = 24620AFB2D66A9D100ED9B64 /* Project object */;
}
